
Microsoft Visual Studio Solution File, Format Version 12.00
# Visual Studio Version 16
VisualStudioVersion = 16.0.31005.135
MinimumVisualStudioVersion = 10.0.40219.1
Project("{FAE04EC0-301F-11D3-BF4B-00C04F79EFBC}") = "TrexMinerGUI", "TrexMinerGUI.csproj", "{C086CA54-71B1-46C2-B485-FB7D26D49ADB}"
EndProject
Global
	GlobalSection(SolutionConfigurationPlatforms) = preSolution
		Debug|Any CPU = Debug|Any CPU
		Release|Any CPU = Release|Any CPU
	EndGlobalSection
	GlobalSection(ProjectConfigurationPlatforms) = postSolution
		{C086CA54-71B1-46C2-B485-FB7D26D49ADB}.Debug|Any CPU.ActiveCfg = Debug|Any CPU
		{C086CA54-71B1-46C2-B485-FB7D26D49ADB}.Debug|Any CPU.Build.0 = Debug|Any CPU
		{C086CA54-71B1-46C2-B485-FB7D26D49ADB}.Release|Any CPU.ActiveCfg = Release|Any CPU
		{C086CA54-71B1-46C2-B485-FB7D26D49ADB}.Release|Any CPU.Build.0 = Release|Any CPU
	EndGlobalSection
	GlobalSection(SolutionProperties) = preSolution
		HideSolutionNode = FALSE
	EndGlobalSection
	GlobalSection(ExtensibilityGlobals) = postSolution
		SolutionGuid = {99D63548-D0D8-43F5-97D0-A0EC00630B2F}
	EndGlobalSection
EndGlobal
